{
    "_meta": {
        "hash": {
            "sha256": "47f594080e098f2c376b43c2e65da6218726af89bcd8f45a4de0441649a95b97"
        },
        "pipfile-spec": 6,
        "requires": {
            "python_version": "3.7"
        },
        "sources": [
            {
                "name": "pypi",
                "url": "https://pypi.org/simple",
                "verify_ssl": true
            }
        ]
    },
    "default": {
        "mysql": {
            "hashes": [
                "sha256:55e66b5e7b3823b1da5fb2a063e95a628fb850b2a0b76bdcd884faac5d2daa7d"
            ],
            "index": "pypi",
            "version": "==0.0.2"
        },
        "mysqlclient": {
            "hashes": [
                "sha256:79a498ddda955e488f80c82a6392bf6e07c323d48db236033f33825665d8ba5c",
                "sha256:8c3b61d89f7daaeab6aad6bf4c4bc3ef30bec1a8169f94dc59aea87ba2fabf80",
                "sha256:9c737cc55a5dc8dd3583a942d5a9b21be58d16f00f5fefca4e575e7d9682e98c"
            ],
            "version": "==1.4.4"
        }
    },
    "develop": {}
}
